
Microsoft Visual Studio Solution File, Format Version 12.00
# Visual Studio Version 16
VisualStudioVersion = 16.0.31911.196
MinimumVisualStudioVersion = 10.0.40219.1
Project("{FAE04EC0-301F-11D3-BF4B-00C04F79EFBC}") = "Lab15_WpfApp1", "Lab15_WpfApp1\Lab15_WpfApp1.csproj", "{6BFE3389-5426-4932-AD0C-9664ADD309E7}"
EndProject
Global
	GlobalSection(SolutionConfigurationPlatforms) = preSolution
		Debug|Any CPU = Debug|Any CPU
		Release|Any CPU = Release|Any CPU
	EndGlobalSection
	GlobalSection(ProjectConfigurationPlatforms) = postSolution
		{6BFE3389-5426-4932-AD0C-9664ADD309E7}.Debug|Any CPU.ActiveCfg = Debug|Any CPU
		{6BFE3389-5426-4932-AD0C-9664ADD309E7}.Debug|Any CPU.Build.0 = Debug|Any CPU
		{6BFE3389-5426-4932-AD0C-9664ADD309E7}.Release|Any CPU.ActiveCfg = Release|Any CPU
		{6BFE3389-5426-4932-AD0C-9664ADD309E7}.Release|Any CPU.Build.0 = Release|Any CPU
	EndGlobalSection
	GlobalSection(SolutionProperties) = preSolution
		HideSolutionNode = FALSE
	EndGlobalSection
	GlobalSection(ExtensibilityGlobals) = postSolution
		SolutionGuid = {8E23B7BF-AE95-4F7D-B49F-1EAFD50F62D8}
	EndGlobalSection
EndGlobal
